
Microsoft Visual Studio Solution File, Format Version 12.00
# Visual Studio Version 17
VisualStudioVersion = 17.2.32505.173
MinimumVisualStudioVersion = 10.0.40219.1
Project("{8BC9CEB8-8B4A-11D0-8D11-00A0C91BC942}") = "AudioCaptureApp", "AudioCaptureApp\AudioCaptureApp.vcxproj", "{217AF680-BD7D-41DF-B192-3268B6EA6715}"
EndProject
Global
	GlobalSection(SolutionConfigurationPlatforms) = preSolution
		Debug|x64 = Debug|x64
		Debug|x86 = Debug|x86
		Release|x64 = Release|x64
		Release|x86 = Release|x86
	EndGlobalSection
	GlobalSection(ProjectConfigurationPlatforms) = postSolution
		{217AF680-BD7D-41DF-B192-3268B6EA6715}.Debug|x64.ActiveCfg = Debug|x64
		{217AF680-BD7D-41DF-B192-3268B6EA6715}.Debug|x64.Build.0 = Debug|x64
		{217AF680-BD7D-41DF-B192-3268B6EA6715}.Debug|x86.ActiveCfg = Debug|Win32
		{217AF680-BD7D-41DF-B192-3268B6EA6715}.Debug|x86.Build.0 = Debug|Win32
		{217AF680-BD7D-41DF-B192-3268B6EA6715}.Release|x64.ActiveCfg = Release|x64
		{217AF680-BD7D-41DF-B192-3268B6EA6715}.Release|x64.Build.0 = Release|x64
		{217AF680-BD7D-41DF-B192-3268B6EA6715}.Release|x86.ActiveCfg = Release|Win32
		{217AF680-BD7D-41DF-B192-3268B6EA6715}.Release|x86.Build.0 = Release|Win32
	EndGlobalSection
	GlobalSection(SolutionProperties) = preSolution
		HideSolutionNode = FALSE
	EndGlobalSection
	GlobalSection(ExtensibilityGlobals) = postSolution
		SolutionGuid = {964A105F-2AAE-4B8E-946A-485BBB10B0E5}
	EndGlobalSection
EndGlobal
